
Microsoft Visual Studio Solution File, Format Version 12.00
# Visual Studio Version 17
VisualStudioVersion = 17.7.34018.315
MinimumVisualStudioVersion = 10.0.40219.1
Project("{9A19103F-16F7-4668-BE54-9A1E7A4F7556}") = "CommandPattern.EndpointApi", "CommandPattern.EndpointApi\CommandPattern.EndpointApi.csproj", "{19C2483C-2B69-40E9-9AE0-83C6E0F41186}"
EndProject
Project("{FAE04EC0-301F-11D3-BF4B-00C04F79EFBC}") = "CommandPattern.Framwork", "CommandPattern.Framwork\CommandPattern.Framwork.csproj", "{11E24960-3D7A-4DEE-8834-6798552D0FFC}"
EndProject
Project("{FAE04EC0-301F-11D3-BF4B-00C04F79EFBC}") = "CommandPattern.Application", "CommandPattern.Application\CommandPattern.Application.csproj", "{57D04821-92B3-4C01-A098-A8ABD9831D98}"
EndProject
Global
	GlobalSection(SolutionConfigurationPlatforms) = preSolution
		Debug|Any CPU = Debug|Any CPU
		Release|Any CPU = Release|Any CPU
	EndGlobalSection
	GlobalSection(ProjectConfigurationPlatforms) = postSolution
		{19C2483C-2B69-40E9-9AE0-83C6E0F41186}.Debug|Any CPU.ActiveCfg = Debug|Any CPU
		{19C2483C-2B69-40E9-9AE0-83C6E0F41186}.Debug|Any CPU.Build.0 = Debug|Any CPU
		{19C2483C-2B69-40E9-9AE0-83C6E0F41186}.Release|Any CPU.ActiveCfg = Release|Any CPU
		{19C2483C-2B69-40E9-9AE0-83C6E0F41186}.Release|Any CPU.Build.0 = Release|Any CPU
		{11E24960-3D7A-4DEE-8834-6798552D0FFC}.Debug|Any CPU.ActiveCfg = Debug|Any CPU
		{11E24960-3D7A-4DEE-8834-6798552D0FFC}.Debug|Any CPU.Build.0 = Debug|Any CPU
		{11E24960-3D7A-4DEE-8834-6798552D0FFC}.Release|Any CPU.ActiveCfg = Release|Any CPU
		{11E24960-3D7A-4DEE-8834-6798552D0FFC}.Release|Any CPU.Build.0 = Release|Any CPU
		{57D04821-92B3-4C01-A098-A8ABD9831D98}.Debug|Any CPU.ActiveCfg = Debug|Any CPU
		{57D04821-92B3-4C01-A098-A8ABD9831D98}.Debug|Any CPU.Build.0 = Debug|Any CPU
		{57D04821-92B3-4C01-A098-A8ABD9831D98}.Release|Any CPU.ActiveCfg = Release|Any CPU
		{57D04821-92B3-4C01-A098-A8ABD9831D98}.Release|Any CPU.Build.0 = Release|Any CPU
	EndGlobalSection
	GlobalSection(SolutionProperties) = preSolution
		HideSolutionNode = FALSE
	EndGlobalSection
	GlobalSection(ExtensibilityGlobals) = postSolution
		SolutionGuid = {51E482B5-B869-43E4-82F5-4C1925234B62}
	EndGlobalSection
EndGlobal
